
Microsoft Visual Studio Solution File, Format Version 12.00
# Visual Studio Version 17
VisualStudioVersion = 17.7.34031.279
MinimumVisualStudioVersion = 10.0.40219.1
Project("{FAE04EC0-301F-11D3-BF4B-00C04F79EFBC}") = "DocumentationLogin3", "DocumentationLogin3.csproj", "{69531008-754D-4F2B-A126-5CECCD1ACEC4}"
EndProject
Global
	GlobalSection(SolutionConfigurationPlatforms) = preSolution
		Debug|Any CPU = Debug|Any CPU
		Release|Any CPU = Release|Any CPU
	EndGlobalSection
	GlobalSection(ProjectConfigurationPlatforms) = postSolution
		{69531008-754D-4F2B-A126-5CECCD1ACEC4}.Debug|Any CPU.ActiveCfg = Debug|Any CPU
		{69531008-754D-4F2B-A126-5CECCD1ACEC4}.Debug|Any CPU.Build.0 = Debug|Any CPU
		{69531008-754D-4F2B-A126-5CECCD1ACEC4}.Release|Any CPU.ActiveCfg = Release|Any CPU
		{69531008-754D-4F2B-A126-5CECCD1ACEC4}.Release|Any CPU.Build.0 = Release|Any CPU
	EndGlobalSection
	GlobalSection(SolutionProperties) = preSolution
		HideSolutionNode = FALSE
	EndGlobalSection
	GlobalSection(ExtensibilityGlobals) = postSolution
		SolutionGuid = {B2783AAE-FA3A-4633-BA48-00056055A8F7}
	EndGlobalSection
EndGlobal
