
Microsoft Visual Studio Solution File, Format Version 12.00
# Visual Studio Version 17
VisualStudioVersion = 17.7.34031.279
MinimumVisualStudioVersion = 10.0.40219.1
Project("{9A19103F-16F7-4668-BE54-9A1E7A4F7556}") = "ExeDocumentacion", "ExeDocumentacion.csproj", "{9842FC5A-3A7D-4392-9E8D-D84546550FFC}"
EndProject
Global
	GlobalSection(SolutionConfigurationPlatforms) = preSolution
		Debug|Any CPU = Debug|Any CPU
		Release|Any CPU = Release|Any CPU
	EndGlobalSection
	GlobalSection(ProjectConfigurationPlatforms) = postSolution
		{9842FC5A-3A7D-4392-9E8D-D84546550FFC}.Debug|Any CPU.ActiveCfg = Debug|Any CPU
		{9842FC5A-3A7D-4392-9E8D-D84546550FFC}.Debug|Any CPU.Build.0 = Debug|Any CPU
		{9842FC5A-3A7D-4392-9E8D-D84546550FFC}.Release|Any CPU.ActiveCfg = Release|Any CPU
		{9842FC5A-3A7D-4392-9E8D-D84546550FFC}.Release|Any CPU.Build.0 = Release|Any CPU
	EndGlobalSection
	GlobalSection(SolutionProperties) = preSolution
		HideSolutionNode = FALSE
	EndGlobalSection
	GlobalSection(ExtensibilityGlobals) = postSolution
		SolutionGuid = {64FFAE65-1C29-4AD7-A603-AE8CC419F845}
	EndGlobalSection
EndGlobal
